PODS:
  - Flutter (1.0.0)
  - integration_test (0.0.1):
    - Flutter
  - system_monitor_controller_ios (0.0.1):
    - Flutter

DEPENDENCIES:
  - Flutter (from `Flutter`)
  - integration_test (from `.symlinks/plugins/integration_test/ios`)
  - system_monitor_controller_ios (from `.symlinks/plugins/system_monitor_controller_ios/ios`)

EXTERNAL SOURCES:
  Flutter:
    :path: Flutter
  integration_test:
    :path: ".symlinks/plugins/integration_test/ios"
  system_monitor_controller_ios:
    :path: ".symlinks/plugins/system_monitor_controller_ios/ios"

SPEC CHECKSUMS:
  Flutter: e0871f40cf51350855a761d2e70bf5af5b9b5de7
  integration_test: 4a889634ef21a45d28d50d622cf412dc6d9f586e
  system_monitor_controller_ios: 5d2cc88cd0bf88d12a783081113823b7551ff70c

PODFILE CHECKSUM: 4305caec6b40dde0ae97be1573c53de1882a07e5

COCOAPODS: 1.16.2
